// !$*UTF8*$!
{
	archiveVersion = 1;
	classes = {
	};
	objectVersion = 56;
	objects = {

/* Begin PBXBuildFile section */
		2AE6BD9D2983CA8100314C7E /* AppDelegate.m in Sources */ = {isa = PBXBuildFile; fileRef = 2AE6BD9C2983CA8100314C7E /* AppDelegate.m */; };
		2AE6BDA02983CA8100314C7E /* SceneDelegate.m in Sources */ = {isa = PBXBuildFile; fileRef = 2AE6BD9F2983CA8100314C7E /* SceneDelegate.m */; };
		2AE6BDA32983CA8100314C7E /* ViewController.m in Sources */ = {isa = PBXBuildFile; fileRef = 2AE6BDA22983CA8100314C7E /* ViewController.m */; };
		2AE6BDA62983CA8100314C7E /* Main.storyboard in Resources */ = {isa = PBXBuildFile; fileRef = 2AE6BDA42983CA8100314C7E /* Main.storyboard */; };
		2AE6BDA82983CA8300314C7E /* Assets.xcassets in Resources */ = {isa = PBXBuildFile; fileRef = 2AE6BDA72983CA8300314C7E /* Assets.xcassets */; };
		2AE6BDAB2983CA8300314C7E /* LaunchScreen.storyboard in Resources */ = {isa = PBXBuildFile; fileRef = 2AE6BDA92983CA8300314C7E /* LaunchScreen.storyboard */; };
		2AE6BDAE2983CA8300314C7E /* main.m in Sources */ = {isa = PBXBuildFile; fileRef = 2AE6BDAD2983CA8300314C7E /* main.m */; };
		2AE6BDB82983CA8300314C7E /* EffectiveOC5____Tests.m in Sources */ = {isa = PBXBuildFile; fileRef = 2AE6BDB72983CA8300314C7E /* EffectiveOC5____Tests.m */; };
		2AE6BDC22983CA8300314C7E /* EffectiveOC5____UITests.m in Sources */ = {isa = PBXBuildFile; fileRef = 2AE6BDC12983CA8300314C7E /* EffectiveOC5____UITests.m */; };
		2AE6BDC42983CA8300314C7E /* EffectiveOC5____UITestsLaunchTests.m in Sources */ = {isa = PBXBuildFile; fileRef = 2AE6BDC32983CA8300314C7E /* EffectiveOC5____UITestsLaunchTests.m */; };
/* End PBXBuildFile section */

/* Begin PBXContainerItemProxy section */
		2AE6BDB42983CA8300314C7E /* PBXContainerItemProxy */ = {
			isa = PBXContainerItemProxy;
			containerPortal = 2AE6BD902983CA8100314C7E /* Project object */;
			proxyType = 1;
			remoteGlobalIDString = 2AE6BD972983CA8100314C7E;
			remoteInfo = "EffectiveOC5内存管理";
		};
		2AE6BDBE2983CA8300314C7E /* PBXContainerItemProxy */ = {
			isa = PBXContainerItemProxy;
			containerPortal = 2AE6BD902983CA8100314C7E /* Project object */;
			proxyType = 1;
			remoteGlobalIDString = 2AE6BD972983CA8100314C7E;
			remoteInfo = "EffectiveOC5内存管理";
		};
/* End PBXContainerItemProxy section */

/* Begin PBXFileReference section */
		2AE6BD982983CA8100314C7E /* EffectiveOC5内存管理.app */ = {isa = PBXFileReference; explicitFileType = wrapper.application; includeInIndex = 0; path = "EffectiveOC5内存管理.app"; sourceTree = BUILT_PRODUCTS_DIR; };
		2AE6BD9B2983CA8100314C7E /* AppDelegate.h */ = {isa = PBXFileReference; lastKnownFileType = sourcecode.c.h; path = AppDelegate.h; sourceTree = "<group>"; };
		2AE6BD9C2983CA8100314C7E /* AppDelegate.m */ = {isa = PBXFileReference; lastKnownFileType = sourcecode.c.objc; path = AppDelegate.m; sourceTree = "<group>"; };
		2AE6BD9E2983CA8100314C7E /* SceneDelegate.h */ = {isa = PBXFileReference; lastKnownFileType = sourcecode.c.h; path = SceneDelegate.h; sourceTree = "<group>"; };
		2AE6BD9F2983CA8100314C7E /* SceneDelegate.m */ = {isa = PBXFileReference; lastKnownFileType = sourcecode.c.objc; path = SceneDelegate.m; sourceTree = "<group>"; };
		2AE6BDA12983CA8100314C7E /* ViewController.h */ = {isa = PBXFileReference; lastKnownFileType = sourcecode.c.h; path = ViewController.h; sourceTree = "<group>"; };
		2AE6BDA22983CA8100314C7E /* ViewController.m */ = {isa = PBXFileReference; lastKnownFileType = sourcecode.c.objc; path = ViewController.m; sourceTree = "<group>"; };
		2AE6BDA52983CA8100314C7E /* Base */ = {isa = PBXFileReference; lastKnownFileType = file.storyboard; name = Base; path = Base.lproj/Main.storyboard; sourceTree = "<group>"; };
		2AE6BDA72983CA8300314C7E /* Assets.xcassets */ = {isa = PBXFileReference; lastKnownFileType = folder.assetcatalog; path = Assets.xcassets; sourceTree = "<group>"; };
		2AE6BDAA2983CA8300314C7E /* Base */ = {isa = PBXFileReference; lastKnownFileType = file.storyboard; name = Base; path = Base.lproj/LaunchScreen.storyboard; sourceTree = "<group>"; };
		2AE6BDAC2983CA8300314C7E /* Info.plist */ = {isa = PBXFileReference; lastKnownFileType = text.plist.xml; path = Info.plist; sourceTree = "<group>"; };
		2AE6BDAD2983CA8300314C7E /* main.m */ = {isa = PBXFileReference; lastKnownFileType = sourcecode.c.objc; path = main.m; sourceTree = "<group>"; };
		2AE6BDB32983CA8300314C7E /* EffectiveOC5内存管理Tests.xctest */ = {isa = PBXFileReference; explicitFileType = wrapper.cfbundle; includeInIndex = 0; path = "EffectiveOC5内存管理Tests.xctest"; sourceTree = BUILT_PRODUCTS_DIR; };
		2AE6BDB72983CA8300314C7E /* EffectiveOC5____Tests.m */ = {isa = PBXFileReference; lastKnownFileType = sourcecode.c.objc; path = "EffectiveOC5____Tests.m"; sourceTree = "<group>"; };
		2AE6BDBD2983CA8300314C7E /* EffectiveOC5内存管理UITests.xctest */ = {isa = PBXFileReference; explicitFileType = wrapper.cfbundle; includeInIndex = 0; path = "EffectiveOC5内存管理UITests.xctest"; sourceTree = BUILT_PRODUCTS_DIR; };
		2AE6BDC12983CA8300314C7E /* EffectiveOC5____UITests.m */ = {isa = PBXFileReference; lastKnownFileType = sourcecode.c.objc; path = "EffectiveOC5____UITests.m"; sourceTree = "<group>"; };
		2AE6BDC32983CA8300314C7E /* EffectiveOC5____UITestsLaunchTests.m */ = {isa = PBXFileReference; lastKnownFileType = sourcecode.c.objc; path = "EffectiveOC5____UITestsLaunchTests.m"; sourceTree = "<group>"; };
/* End PBXFileReference section */

/* Begin PBXFrameworksBuildPhase section */
		2AE6BD952983CA8100314C7E /* Frameworks */ = {
			isa = PBXFrameworksBuildPhase;
			buildActionMask = 2147483647;
			files = (
			);
			runOnlyForDeploymentPostprocessing = 0;
		};
		2AE6BDB02983CA8300314C7E /* Frameworks */ = {
			isa = PBXFrameworksBuildPhase;
			buildActionMask = 2147483647;
			files = (
			);
			runOnlyForDeploymentPostprocessing = 0;
		};
		2AE6BDBA2983CA8300314C7E /* Frameworks */ = {
			isa = PBXFrameworksBuildPhase;
			buildActionMask = 2147483647;
			files = (
			);
			runOnlyForDeploymentPostprocessing = 0;
		};
/* End PBXFrameworksBuildPhase section */

/* Begin PBXGroup section */
		2AE6BD8F2983CA8100314C7E = {
			isa = PBXGroup;
			children = (
				2AE6BD9A2983CA8100314C7E /* EffectiveOC5内存管理 */,
				2AE6BDB62983CA8300314C7E /* EffectiveOC5内存管理Tests */,
				2AE6BDC02983CA8300314C7E /* EffectiveOC5内存管理UITests */,
				2AE6BD992983CA8100314C7E /* Products */,
			);
			sourceTree = "<group>";
		};
		2AE6BD992983CA8100314C7E /* Products */ = {
			isa = PBXGroup;
			children = (
				2AE6BD982983CA8100314C7E /* EffectiveOC5内存管理.app */,
				2AE6BDB32983CA8300314C7E /* EffectiveOC5内存管理Tests.xctest */,
				2AE6BDBD2983CA8300314C7E /* EffectiveOC5内存管理UITests.xctest */,
			);
			name = Products;
			sourceTree = "<group>";
		};
		2AE6BD9A2983CA8100314C7E /* EffectiveOC5内存管理 */ = {
			isa = PBXGroup;
			children = (
				2AE6BD9B2983CA8100314C7E /* AppDelegate.h */,
				2AE6BD9C2983CA8100314C7E /* AppDelegate.m */,
				2AE6BD9E2983CA8100314C7E /* SceneDelegate.h */,
				2AE6BD9F2983CA8100314C7E /* SceneDelegate.m */,
				2AE6BDA12983CA8100314C7E /* ViewController.h */,
				2AE6BDA22983CA8100314C7E /* ViewController.m */,
				2AE6BDA42983CA8100314C7E /* Main.storyboard */,
				2AE6BDA72983CA8300314C7E /* Assets.xcassets */,
				2AE6BDA92983CA8300314C7E /* LaunchScreen.storyboard */,
				2AE6BDAC2983CA8300314C7E /* Info.plist */,
				2AE6BDAD2983CA8300314C7E /* main.m */,
			);
			path = "EffectiveOC5内存管理";
			sourceTree = "<group>";
		};
		2AE6BDB62983CA8300314C7E /* EffectiveOC5内存管理Tests */ = {
			isa = PBXGroup;
			children = (
				2AE6BDB72983CA8300314C7E /* EffectiveOC5____Tests.m */,
			);
			path = "EffectiveOC5内存管理Tests";
			sourceTree = "<group>";
		};
		2AE6BDC02983CA8300314C7E /* EffectiveOC5内存管理UITests */ = {
			isa = PBXGroup;
			children = (
				2AE6BDC12983CA8300314C7E /* EffectiveOC5____UITests.m */,
				2AE6BDC32983CA8300314C7E /* EffectiveOC5____UITestsLaunchTests.m */,
			);
			path = "EffectiveOC5内存管理UITests";
			sourceTree = "<group>";
		};
/* End PBXGroup section */

/* Begin PBXNativeTarget section */
		2AE6BD972983CA8100314C7E /* EffectiveOC5内存管理 */ = {
			isa = PBXNativeTarget;
			buildConfigurationList = 2AE6BDC72983CA8300314C7E /* Build configuration list for PBXNativeTarget "EffectiveOC5内存管理" */;
			buildPhases = (
				2AE6BD942983CA8100314C7E /* Sources */,
				2AE6BD952983CA8100314C7E /* Frameworks */,
				2AE6BD962983CA8100314C7E /* Resources */,
			);
			buildRules = (
			);
			dependencies = (
			);
			name = "EffectiveOC5内存管理";
			productName = "EffectiveOC5内存管理";
			productReference = 2AE6BD982983CA8100314C7E /* EffectiveOC5内存管理.app */;
			productType = "com.apple.product-type.application";
		};
		2AE6BDB22983CA8300314C7E /* EffectiveOC5内存管理Tests */ = {
			isa = PBXNativeTarget;
			buildConfigurationList = 2AE6BDCA2983CA8300314C7E /* Build configuration list for PBXNativeTarget "EffectiveOC5内存管理Tests" */;
			buildPhases = (
				2AE6BDAF2983CA8300314C7E /* Sources */,
				2AE6BDB02983CA8300314C7E /* Frameworks */,
				2AE6BDB12983CA8300314C7E /* Resources */,
			);
			buildRules = (
			);
			dependencies = (
				2AE6BDB52983CA8300314C7E /* PBXTargetDependency */,
			);
			name = "EffectiveOC5内存管理Tests";
			productName = "EffectiveOC5内存管理Tests";
			productReference = 2AE6BDB32983CA8300314C7E /* EffectiveOC5内存管理Tests.xctest */;
			productType = "com.apple.product-type.bundle.unit-test";
		};
		2AE6BDBC2983CA8300314C7E /* EffectiveOC5内存管理UITests */ = {
			isa = PBXNativeTarget;
			buildConfigurationList = 2AE6BDCD2983CA8300314C7E /* Build configuration list for PBXNativeTarget "EffectiveOC5内存管理UITests" */;
			buildPhases = (
				2AE6BDB92983CA8300314C7E /* Sources */,
				2AE6BDBA2983CA8300314C7E /* Frameworks */,
				2AE6BDBB2983CA8300314C7E /* Resources */,
			);
			buildRules = (
			);
			dependencies = (
				2AE6BDBF2983CA8300314C7E /* PBXTargetDependency */,
			);
			name = "EffectiveOC5内存管理UITests";
			productName = "EffectiveOC5内存管理UITests";
			productReference = 2AE6BDBD2983CA8300314C7E /* EffectiveOC5内存管理UITests.xctest */;
			productType = "com.apple.product-type.bundle.ui-testing";
		};
/* End PBXNativeTarget section */

/* Begin PBXProject section */
		2AE6BD902983CA8100314C7E /* Project object */ = {
			isa = PBXProject;
			attributes = {
				BuildIndependentTargetsInParallel = 1;
				LastUpgradeCheck = 1420;
				TargetAttributes = {
					2AE6BD972983CA8100314C7E = {
						CreatedOnToolsVersion = 14.2;
					};
					2AE6BDB22983CA8300314C7E = {
						CreatedOnToolsVersion = 14.2;
						TestTargetID = 2AE6BD972983CA8100314C7E;
					};
					2AE6BDBC2983CA8300314C7E = {
						CreatedOnToolsVersion = 14.2;
						TestTargetID = 2AE6BD972983CA8100314C7E;
					};
				};
			};
			buildConfigurationList = 2AE6BD932983CA8100314C7E /* Build configuration list for PBXProject "EffectiveOC5内存管理" */;
			compatibilityVersion = "Xcode 14.0";
			developmentRegion = en;
			hasScannedForEncodings = 0;
			knownRegions = (
				en,
				Base,
			);
			mainGroup = 2AE6BD8F2983CA8100314C7E;
			productRefGroup = 2AE6BD992983CA8100314C7E /* Products */;
			projectDirPath = "";
			projectRoot = "";
			targets = (
				2AE6BD972983CA8100314C7E /* EffectiveOC5内存管理 */,
				2AE6BDB22983CA8300314C7E /* EffectiveOC5内存管理Tests */,
				2AE6BDBC2983CA8300314C7E /* EffectiveOC5内存管理UITests */,
			);
		};
/* End PBXProject section */

/* Begin PBXResourcesBuildPhase section */
		2AE6BD962983CA8100314C7E /* Resources */ = {
			isa = PBXResourcesBuildPhase;
			buildActionMask = 2147483647;
			files = (
				2AE6BDAB2983CA8300314C7E /* LaunchScreen.storyboard in Resources */,
				2AE6BDA82983CA8300314C7E /* Assets.xcassets in Resources */,
				2AE6BDA62983CA8100314C7E /* Main.storyboard in Resources */,
			);
			runOnlyForDeploymentPostprocessing = 0;
		};
		2AE6BDB12983CA8300314C7E /* Resources */ = {
			isa = PBXResourcesBuildPhase;
			buildActionMask = 2147483647;
			files = (
			);
			runOnlyForDeploymentPostprocessing = 0;
		};
		2AE6BDBB2983CA8300314C7E /* Resources */ = {
			isa = PBXResourcesBuildPhase;
			buildActionMask = 2147483647;
			files = (
			);
			runOnlyForDeploymentPostprocessing = 0;
		};
/* End PBXResourcesBuildPhase section */

/* Begin PBXSourcesBuildPhase section */
		2AE6BD942983CA8100314C7E /* Sources */ = {
			isa = PBXSourcesBuildPhase;
			buildActionMask = 2147483647;
			files = (
				2AE6BDA32983CA8100314C7E /* ViewController.m in Sources */,
				2AE6BD9D2983CA8100314C7E /* AppDelegate.m in Sources */,
				2AE6BDAE2983CA8300314C7E /* main.m in Sources */,
				2AE6BDA02983CA8100314C7E /* SceneDelegate.m in Sources */,
			);
			runOnlyForDeploymentPostprocessing = 0;
		};
		2AE6BDAF2983CA8300314C7E /* Sources */ = {
			isa = PBXSourcesBuildPhase;
			buildActionMask = 2147483647;
			files = (
				2AE6BDB82983CA8300314C7E /* EffectiveOC5____Tests.m in Sources */,
			);
			runOnlyForDeploymentPostprocessing = 0;
		};
		2AE6BDB92983CA8300314C7E /* Sources */ = {
			isa = PBXSourcesBuildPhase;
			buildActionMask = 2147483647;
			files = (
				2AE6BDC42983CA8300314C7E /* EffectiveOC5____UITestsLaunchTests.m in Sources */,
				2AE6BDC22983CA8300314C7E /* EffectiveOC5____UITests.m in Sources */,
			);
			runOnlyForDeploymentPostprocessing = 0;
		};
/* End PBXSourcesBuildPhase section */

/* Begin PBXTargetDependency section */
		2AE6BDB52983CA8300314C7E /* PBXTargetDependency */ = {
			isa = PBXTargetDependency;
			target = 2AE6BD972983CA8100314C7E /* EffectiveOC5内存管理 */;
			targetProxy = 2AE6BDB42983CA8300314C7E /* PBXContainerItemProxy */;
		};
		2AE6BDBF2983CA8300314C7E /* PBXTargetDependency */ = {
			isa = PBXTargetDependency;
			target = 2AE6BD972983CA8100314C7E /* EffectiveOC5内存管理 */;
			targetProxy = 2AE6BDBE2983CA8300314C7E /* PBXContainerItemProxy */;
		};
/* End PBXTargetDependency section */

/* Begin PBXVariantGroup section */
		2AE6BDA42983CA8100314C7E /* Main.storyboard */ = {
			isa = PBXVariantGroup;
			children = (
				2AE6BDA52983CA8100314C7E /* Base */,
			);
			name = Main.storyboard;
			sourceTree = "<group>";
		};
		2AE6BDA92983CA8300314C7E /* LaunchScreen.storyboard */ = {
			isa = PBXVariantGroup;
			children = (
				2AE6BDAA2983CA8300314C7E /* Base */,
			);
			name = LaunchScreen.storyboard;
			sourceTree = "<group>";
		};
/* End PBXVariantGroup section */

/* Begin XCBuildConfiguration section */
		2AE6BDC52983CA8300314C7E /* Debug */ = {
			isa = XCBuildConfiguration;
			buildSettings = {
				ALWAYS_SEARCH_USER_PATHS = NO;
				CLANG_ANALYZER_NONNULL = YES;
				CLANG_ANALYZER_NUMBER_OBJECT_CONVERSION = YES_AGGRESSIVE;
				CLANG_CXX_LANGUAGE_STANDARD = "gnu++20";
				CLANG_ENABLE_MODULES = YES;
				CLANG_ENABLE_OBJC_ARC = YES;
				CLANG_ENABLE_OBJC_WEAK = YES;
				CLANG_WARN_BLOCK_CAPTURE_AUTORELEASING = YES;
				CLANG_WARN_BOOL_CONVERSION = YES;
				CLANG_WARN_COMMA = YES;
				CLANG_WARN_CONSTANT_CONVERSION = YES;
				CLANG_WARN_DEPRECATED_OBJC_IMPLEMENTATIONS = YES;
				CLANG_WARN_DIRECT_OBJC_ISA_USAGE = YES_ERROR;
				CLANG_WARN_DOCUMENTATION_COMMENTS = YES;
				CLANG_WARN_EMPTY_BODY = YES;
				CLANG_WARN_ENUM_CONVERSION = YES;
				CLANG_WARN_INFINITE_RECURSION = YES;
				CLANG_WARN_INT_CONVERSION = YES;
				CLANG_WARN_NON_LITERAL_NULL_CONVERSION = YES;
				CLANG_WARN_OBJC_IMPLICIT_RETAIN_SELF = YES;
				CLANG_WARN_OBJC_LITERAL_CONVERSION = YES;
				CLANG_WARN_OBJC_ROOT_CLASS = YES_ERROR;
				CLANG_WARN_QUOTED_INCLUDE_IN_FRAMEWORK_HEADER = YES;
				CLANG_WARN_RANGE_LOOP_ANALYSIS = YES;
				CLANG_WARN_STRICT_PROTOTYPES = YES;
				CLANG_WARN_SUSPICIOUS_MOVE = YES;
				CLANG_WARN_UNGUARDED_AVAILABILITY = YES_AGGRESSIVE;
				CLANG_WARN_UNREACHABLE_CODE = YES;
				CLANG_WARN__DUPLICATE_METHOD_MATCH = YES;
				COPY_PHASE_STRIP = NO;
				DEBUG_INFORMATION_FORMAT = dwarf;
				ENABLE_STRICT_OBJC_MSGSEND = YES;
				ENABLE_TESTABILITY = YES;
				GCC_C_LANGUAGE_STANDARD = gnu11;
				GCC_DYNAMIC_NO_PIC = NO;
				GCC_NO_COMMON_BLOCKS = YES;
				GCC_OPTIMIZATION_LEVEL = 0;
				GCC_PREPROCESSOR_DEFINITIONS = (
					"DEBUG=1",
					"$(inherited)",
				);
				GCC_WARN_64_TO_32_BIT_CONVERSION = YES;
				GCC_WARN_ABOUT_RETURN_TYPE = YES_ERROR;
				GCC_WARN_UNDECLARED_SELECTOR = YES;
				GCC_WARN_UNINITIALIZED_AUTOS = YES_AGGRESSIVE;
				GCC_WARN_UNUSED_FUNCTION = YES;
				GCC_WARN_UNUSED_VARIABLE = YES;
				IPHONEOS_DEPLOYMENT_TARGET = 16.2;
				MTL_ENABLE_DEBUG_INFO = INCLUDE_SOURCE;
				MTL_FAST_MATH = YES;
				ONLY_ACTIVE_ARCH = YES;
				SDKROOT = iphoneos;
			};
			name = Debug;
		};
		2AE6BDC62983CA8300314C7E /* Release */ = {
			isa = XCBuildConfiguration;
			buildSettings = {
				ALWAYS_SEARCH_USER_PATHS = NO;
				CLANG_ANALYZER_NONNULL = YES;
				CLANG_ANALYZER_NUMBER_OBJECT_CONVERSION = YES_AGGRESSIVE;
				CLANG_CXX_LANGUAGE_STANDARD = "gnu++20";
				CLANG_ENABLE_MODULES = YES;
				CLANG_ENABLE_OBJC_ARC = YES;
				CLANG_ENABLE_OBJC_WEAK = YES;
				CLANG_WARN_BLOCK_CAPTURE_AUTORELEASING = YES;
				CLANG_WARN_BOOL_CONVERSION = YES;
				CLANG_WARN_COMMA = YES;
				CLANG_WARN_CONSTANT_CONVERSION = YES;
				CLANG_WARN_DEPRECATED_OBJC_IMPLEMENTATIONS = YES;
				CLANG_WARN_DIRECT_OBJC_ISA_USAGE = YES_ERROR;
				CLANG_WARN_DOCUMENTATION_COMMENTS = YES;
				CLANG_WARN_EMPTY_BODY = YES;
				CLANG_WARN_ENUM_CONVERSION = YES;
				CLANG_WARN_INFINITE_RECURSION = YES;
				CLANG_WARN_INT_CONVERSION = YES;
				CLANG_WARN_NON_LITERAL_NULL_CONVERSION = YES;
				CLANG_WARN_OBJC_IMPLICIT_RETAIN_SELF = YES;
				CLANG_WARN_OBJC_LITERAL_CONVERSION = YES;
				CLANG_WARN_OBJC_ROOT_CLASS = YES_ERROR;
				CLANG_WARN_QUOTED_INCLUDE_IN_FRAMEWORK_HEADER = YES;
				CLANG_WARN_RANGE_LOOP_ANALYSIS = YES;
				CLANG_WARN_STRICT_PROTOTYPES = YES;
				CLANG_WARN_SUSPICIOUS_MOVE = YES;
				CLANG_WARN_UNGUARDED_AVAILABILITY = YES_AGGRESSIVE;
				CLANG_WARN_UNREACHABLE_CODE = YES;
				CLANG_WARN__DUPLICATE_METHOD_MATCH = YES;
				COPY_PHASE_STRIP = NO;
				DEBUG_INFORMATION_FORMAT = "dwarf-with-dsym";
				ENABLE_NS_ASSERTIONS = NO;
				ENABLE_STRICT_OBJC_MSGSEND = YES;
				GCC_C_LANGUAGE_STANDARD = gnu11;
				GCC_NO_COMMON_BLOCKS = YES;
				GCC_WARN_64_TO_32_BIT_CONVERSION = YES;
				GCC_WARN_ABOUT_RETURN_TYPE = YES_ERROR;
				GCC_WARN_UNDECLARED_SELECTOR = YES;
				GCC_WARN_UNINITIALIZED_AUTOS = YES_AGGRESSIVE;
				GCC_WARN_UNUSED_FUNCTION = YES;
				GCC_WARN_UNUSED_VARIABLE = YES;
				IPHONEOS_DEPLOYMENT_TARGET = 16.2;
				MTL_ENABLE_DEBUG_INFO = NO;
				MTL_FAST_MATH = YES;
				SDKROOT = iphoneos;
				VALIDATE_PRODUCT = YES;
			};
			name = Release;
		};
		2AE6BDC82983CA8300314C7E /* Debug */ = {
			isa = XCBuildConfiguration;
			buildSettings = {
				ASSETCATALOG_COMPILER_APPICON_NAME = AppIcon;
				ASSETCATALOG_COMPILER_GLOBAL_ACCENT_COLOR_NAME = AccentColor;
				CODE_SIGN_STYLE = Automatic;
				CURRENT_PROJECT_VERSION = 1;
				GENERATE_INFOPLIST_FILE = YES;
				INFOPLIST_FILE = "EffectiveOC5内存管理/Info.plist";
				INFOPLIST_KEY_UIApplicationSupportsIndirectInputEvents = YES;
				INFOPLIST_KEY_UILaunchStoryboardName = LaunchScreen;
				INFOPLIST_KEY_UIMainStoryboardFile = Main;
				INFOPLIST_KEY_UISupportedInterfaceOrientations_iPad = "UIInterfaceOrientationPortrait UIInterfaceOrientationPortraitUpsideDown UIInterfaceOrientationLandscapeLeft UIInterfaceOrientationLandscapeRight";
				INFOPLIST_KEY_UISupportedInterfaceOrientations_iPhone = "UIInterfaceOrientationPortrait UIInterfaceOrientationLandscapeLeft UIInterfaceOrientationLandscapeRight";
				LD_RUNPATH_SEARCH_PATHS = (
					"$(inherited)",
					"@executable_path/Frameworks",
				);
				MARKETING_VERSION = 1.0;
				PRODUCT_BUNDLE_IDENTIFIER = "-11111.EffectiveOC5----";
				PRODUCT_NAME = "$(TARGET_NAME)";
				SWIFT_EMIT_LOC_STRINGS = YES;
				TARGETED_DEVICE_FAMILY = "1,2";
			};
			name = Debug;
		};
		2AE6BDC92983CA8300314C7E /* Release */ = {
			isa = XCBuildConfiguration;
			buildSettings = {
				ASSETCATALOG_COMPILER_APPICON_NAME = AppIcon;
				ASSETCATALOG_COMPILER_GLOBAL_ACCENT_COLOR_NAME = AccentColor;
				CODE_SIGN_STYLE = Automatic;
				CURRENT_PROJECT_VERSION = 1;
				GENERATE_INFOPLIST_FILE = YES;
				INFOPLIST_FILE = "EffectiveOC5内存管理/Info.plist";
				INFOPLIST_KEY_UIApplicationSupportsIndirectInputEvents = YES;
				INFOPLIST_KEY_UILaunchStoryboardName = LaunchScreen;
				INFOPLIST_KEY_UIMainStoryboardFile = Main;
				INFOPLIST_KEY_UISupportedInterfaceOrientations_iPad = "UIInterfaceOrientationPortrait UIInterfaceOrientationPortraitUpsideDown UIInterfaceOrientationLandscapeLeft UIInterfaceOrientationLandscapeRight";
				INFOPLIST_KEY_UISupportedInterfaceOrientations_iPhone = "UIInterfaceOrientationPortrait UIInterfaceOrientationLandscapeLeft UIInterfaceOrientationLandscapeRight";
				LD_RUNPATH_SEARCH_PATHS = (
					"$(inherited)",
					"@executable_path/Frameworks",
				);
				MARKETING_VERSION = 1.0;
				PRODUCT_BUNDLE_IDENTIFIER = "-11111.EffectiveOC5----";
				PRODUCT_NAME = "$(TARGET_NAME)";
				SWIFT_EMIT_LOC_STRINGS = YES;
				TARGETED_DEVICE_FAMILY = "1,2";
			};
			name = Release;
		};
		2AE6BDCB2983CA8300314C7E /* Debug */ = {
			isa = XCBuildConfiguration;
			buildSettings = {
				BUNDLE_LOADER = "$(TEST_HOST)";
				CODE_SIGN_STYLE = Automatic;
				CURRENT_PROJECT_VERSION = 1;
				GENERATE_INFOPLIST_FILE = YES;
				IPHONEOS_DEPLOYMENT_TARGET = 16.2;
				MARKETING_VERSION = 1.0;
				PRODUCT_BUNDLE_IDENTIFIER = "-11111.EffectiveOC5----Tests";
				PRODUCT_NAME = "$(TARGET_NAME)";
				SWIFT_EMIT_LOC_STRINGS = NO;
				TARGETED_DEVICE_FAMILY = "1,2";
				TEST_HOST = "$(BUILT_PRODUCTS_DIR)/EffectiveOC5内存管理.app/$(BUNDLE_EXECUTABLE_FOLDER_PATH)/EffectiveOC5内存管理";
			};
			name = Debug;
		};
		2AE6BDCC2983CA8300314C7E /* Release */ = {
			isa = XCBuildConfiguration;
			buildSettings = {
				BUNDLE_LOADER = "$(TEST_HOST)";
				CODE_SIGN_STYLE = Automatic;
				CURRENT_PROJECT_VERSION = 1;
				GENERATE_INFOPLIST_FILE = YES;
				IPHONEOS_DEPLOYMENT_TARGET = 16.2;
				MARKETING_VERSION = 1.0;
				PRODUCT_BUNDLE_IDENTIFIER = "-11111.EffectiveOC5----Tests";
				PRODUCT_NAME = "$(TARGET_NAME)";
				SWIFT_EMIT_LOC_STRINGS = NO;
				TARGETED_DEVICE_FAMILY = "1,2";
				TEST_HOST = "$(BUILT_PRODUCTS_DIR)/EffectiveOC5内存管理.app/$(BUNDLE_EXECUTABLE_FOLDER_PATH)/EffectiveOC5内存管理";
			};
			name = Release;
		};
		2AE6BDCE2983CA8300314C7E /* Debug */ = {
			isa = XCBuildConfiguration;
			buildSettings = {
				CODE_SIGN_STYLE = Automatic;
				CURRENT_PROJECT_VERSION = 1;
				GENERATE_INFOPLIST_FILE = YES;
				MARKETING_VERSION = 1.0;
				PRODUCT_BUNDLE_IDENTIFIER = "-11111.EffectiveOC5----UITests";
				PRODUCT_NAME = "$(TARGET_NAME)";
				SWIFT_EMIT_LOC_STRINGS = NO;
				TARGETED_DEVICE_FAMILY = "1,2";
				TEST_TARGET_NAME = "EffectiveOC5内存管理";
			};
			name = Debug;
		};
		2AE6BDCF2983CA8300314C7E /* Release */ = {
			isa = XCBuildConfiguration;
			buildSettings = {
				CODE_SIGN_STYLE = Automatic;
				CURRENT_PROJECT_VERSION = 1;
				GENERATE_INFOPLIST_FILE = YES;
				MARKETING_VERSION = 1.0;
				PRODUCT_BUNDLE_IDENTIFIER = "-11111.EffectiveOC5----UITests";
				PRODUCT_NAME = "$(TARGET_NAME)";
				SWIFT_EMIT_LOC_STRINGS = NO;
				TARGETED_DEVICE_FAMILY = "1,2";
				TEST_TARGET_NAME = "EffectiveOC5内存管理";
			};
			name = Release;
		};
/* End XCBuildConfiguration section */

/* Begin XCConfigurationList section */
		2AE6BD932983CA8100314C7E /* Build configuration list for PBXProject "EffectiveOC5内存管理" */ = {
			isa = XCConfigurationList;
			buildConfigurations = (
				2AE6BDC52983CA8300314C7E /* Debug */,
				2AE6BDC62983CA8300314C7E /* Release */,
			);
			defaultConfigurationIsVisible = 0;
			defaultConfigurationName = Release;
		};
		2AE6BDC72983CA8300314C7E /* Build configuration list for PBXNativeTarget "EffectiveOC5内存管理" */ = {
			isa = XCConfigurationList;
			buildConfigurations = (
				2AE6BDC82983CA8300314C7E /* Debug */,
				2AE6BDC92983CA8300314C7E /* Release */,
			);
			defaultConfigurationIsVisible = 0;
			defaultConfigurationName = Release;
		};
		2AE6BDCA2983CA8300314C7E /* Build configuration list for PBXNativeTarget "EffectiveOC5内存管理Tests" */ = {
			isa = XCConfigurationList;
			buildConfigurations = (
				2AE6BDCB2983CA8300314C7E /* Debug */,
				2AE6BDCC2983CA8300314C7E /* Release */,
			);
			defaultConfigurationIsVisible = 0;
			defaultConfigurationName = Release;
		};
		2AE6BDCD2983CA8300314C7E /* Build configuration list for PBXNativeTarget "EffectiveOC5内存管理UITests" */ = {
			isa = XCConfigurationList;
			buildConfigurations = (
				2AE6BDCE2983CA8300314C7E /* Debug */,
				2AE6BDCF2983CA8300314C7E /* Release */,
			);
			defaultConfigurationIsVisible = 0;
			defaultConfigurationName = Release;
		};
/* End XCConfigurationList section */
	};
	rootObject = 2AE6BD902983CA8100314C7E /* Project object */;
}
